
Microsoft Visual Studio Solution File, Format Version 12.00
# Visual Studio 15
VisualStudioVersion = 15.0.27428.2037
MinimumVisualStudioVersion = 10.0.40219.1
Project("{FAE04EC0-301F-11D3-BF4B-00C04F79EFBC}") = "ClientApp", "ClientApp\ClientApp.csproj", "{7D918F63-5E0C-4F7D-8AF2-0C2A0D9442EC}"
EndProject
Global
	GlobalSection(SolutionConfigurationPlatforms) = preSolution
		Debug|Any CPU = Debug|Any CPU
		Release|Any CPU = Release|Any CPU
	EndGlobalSection
	GlobalSection(ProjectConfigurationPlatforms) = postSolution
		{7D918F63-5E0C-4F7D-8AF2-0C2A0D9442EC}.Debug|Any CPU.ActiveCfg = Debug|Any CPU
		{7D918F63-5E0C-4F7D-8AF2-0C2A0D9442EC}.Debug|Any CPU.Build.0 = Debug|Any CPU
		{7D918F63-5E0C-4F7D-8AF2-0C2A0D9442EC}.Release|Any CPU.ActiveCfg = Release|Any CPU
		{7D918F63-5E0C-4F7D-8AF2-0C2A0D9442EC}.Release|Any CPU.Build.0 = Release|Any CPU
	EndGlobalSection
	GlobalSection(SolutionProperties) = preSolution
		HideSolutionNode = FALSE
	EndGlobalSection
	GlobalSection(ExtensibilityGlobals) = postSolution
		SolutionGuid = {BB5DAF8C-9156-4EDB-9D9F-6284B009D74B}
	EndGlobalSection
EndGlobal
